
Microsoft Visual Studio Solution File, Format Version 12.00
# Visual Studio 15
VisualStudioVersion = 15.0.25807.0
MinimumVisualStudioVersion = 10.0.40219.1
Project("{2150E333-8FDC-42A3-9474-1A3956D46DE8}") = "Engine", "Engine", "{7248B704-4735-4F50-824E-C827B71E7BE1}"
EndProject
Project("{2150E333-8FDC-42A3-9474-1A3956D46DE8}") = "Games", "Games", "{C132225E-955D-4B2E-A79D-F2A492B11C96}"
EndProject
Project("{8BC9CEB8-8B4A-11D0-8D11-00A0C91BC942}") = "UE4", "Intermediate\ProjectFiles\UE4.vcxproj", "{A283AFD8-3DCC-4C46-B1ED-267A01E8E1D3}"
EndProject
Project("{8BC9CEB8-8B4A-11D0-8D11-00A0C91BC942}") = "Katamari", "Intermediate\ProjectFiles\Katamari.vcxproj", "{40FF6320-7F34-4FA0-964C-7F9610C3B47A}"
EndProject
Project("{2150E333-8FDC-42A3-9474-1A3956D46DE8}") = "Visualizers", "Visualizers", "{99982002-EA85-47DF-9E6E-C78A1E22ED12}"
	ProjectSection(SolutionItems) = preProject
		..\..\..\..\Program Files\Epic Games\UE_4.22\Engine\Extras\VisualStudioDebugging\UE4.natvis = ..\..\..\..\Program Files\Epic Games\UE_4.22\Engine\Extras\VisualStudioDebugging\UE4.natvis
	EndProjectSection
EndProject
Global
	GlobalSection(SolutionConfigurationPlatforms) = preSolution
		DebugGame Editor|Android = DebugGame Editor|Android
		DebugGame Editor|HTML5 = DebugGame Editor|HTML5
		DebugGame Editor|Win32 = DebugGame Editor|Win32
		DebugGame Editor|Win64 = DebugGame Editor|Win64
		DebugGame|Android = DebugGame|Android
		DebugGame|HTML5 = DebugGame|HTML5
		DebugGame|Win32 = DebugGame|Win32
		DebugGame|Win64 = DebugGame|Win64
		Development Editor|Android = Development Editor|Android
		Development Editor|HTML5 = Development Editor|HTML5
		Development Editor|Win32 = Development Editor|Win32
		Development Editor|Win64 = Development Editor|Win64
		Development|Android = Development|Android
		Development|HTML5 = Development|HTML5
		Development|Win32 = Development|Win32
		Development|Win64 = Development|Win64
		Shipping|Android = Shipping|Android
		Shipping|HTML5 = Shipping|HTML5
		Shipping|Win32 = Shipping|Win32
		Shipping|Win64 = Shipping|Win64
	EndGlobalSection
	GlobalSection(ProjectConfigurationPlatforms) = postSolution
		{A283AFD8-3DCC-4C46-B1ED-267A01E8E1D3}.DebugGame Editor|Android.ActiveCfg = BuiltWithUnrealBuildTool|Win32
		{A283AFD8-3DCC-4C46-B1ED-267A01E8E1D3}.DebugGame Editor|HTML5.ActiveCfg = BuiltWithUnrealBuildTool|Win32
		{A283AFD8-3DCC-4C46-B1ED-267A01E8E1D3}.DebugGame Editor|Win32.ActiveCfg = BuiltWithUnrealBuildTool|Win32
		{A283AFD8-3DCC-4C46-B1ED-267A01E8E1D3}.DebugGame Editor|Win64.ActiveCfg = BuiltWithUnrealBuildTool|Win32
		{A283AFD8-3DCC-4C46-B1ED-267A01E8E1D3}.DebugGame|Android.ActiveCfg = BuiltWithUnrealBuildTool|Win32
		{A283AFD8-3DCC-4C46-B1ED-267A01E8E1D3}.DebugGame|HTML5.ActiveCfg = BuiltWithUnrealBuildTool|Win32
		{A283AFD8-3DCC-4C46-B1ED-267A01E8E1D3}.DebugGame|Win32.ActiveCfg = BuiltWithUnrealBuildTool|Win32
		{A283AFD8-3DCC-4C46-B1ED-267A01E8E1D3}.DebugGame|Win64.ActiveCfg = BuiltWithUnrealBuildTool|Win32
		{A283AFD8-3DCC-4C46-B1ED-267A01E8E1D3}.Development Editor|Android.ActiveCfg = BuiltWithUnrealBuildTool|Win32
		{A283AFD8-3DCC-4C46-B1ED-267A01E8E1D3}.Development Editor|HTML5.ActiveCfg = BuiltWithUnrealBuildTool|Win32
		{A283AFD8-3DCC-4C46-B1ED-267A01E8E1D3}.Development Editor|Win32.ActiveCfg = BuiltWithUnrealBuildTool|Win32
		{A283AFD8-3DCC-4C46-B1ED-267A01E8E1D3}.Development Editor|Win64.ActiveCfg = BuiltWithUnrealBuildTool|Win32
		{A283AFD8-3DCC-4C46-B1ED-267A01E8E1D3}.Development|Android.ActiveCfg = BuiltWithUnrealBuildTool|Win32
		{A283AFD8-3DCC-4C46-B1ED-267A01E8E1D3}.Development|HTML5.ActiveCfg = BuiltWithUnrealBuildTool|Win32
		{A283AFD8-3DCC-4C46-B1ED-267A01E8E1D3}.Development|Win32.ActiveCfg = BuiltWithUnrealBuildTool|Win32
		{A283AFD8-3DCC-4C46-B1ED-267A01E8E1D3}.Development|Win64.ActiveCfg = BuiltWithUnrealBuildTool|Win32
		{A283AFD8-3DCC-4C46-B1ED-267A01E8E1D3}.Shipping|Android.ActiveCfg = BuiltWithUnrealBuildTool|Win32
		{A283AFD8-3DCC-4C46-B1ED-267A01E8E1D3}.Shipping|HTML5.ActiveCfg = BuiltWithUnrealBuildTool|Win32
		{A283AFD8-3DCC-4C46-B1ED-267A01E8E1D3}.Shipping|Win32.ActiveCfg = BuiltWithUnrealBuildTool|Win32
		{A283AFD8-3DCC-4C46-B1ED-267A01E8E1D3}.Shipping|Win64.ActiveCfg = BuiltWithUnrealBuildTool|Win32
		{40FF6320-7F34-4FA0-964C-7F9610C3B47A}.DebugGame Editor|Android.ActiveCfg = Invalid|Win32
		{40FF6320-7F34-4FA0-964C-7F9610C3B47A}.DebugGame Editor|HTML5.ActiveCfg = Invalid|Win32
		{40FF6320-7F34-4FA0-964C-7F9610C3B47A}.DebugGame Editor|Win32.ActiveCfg = Invalid|Win32
		{40FF6320-7F34-4FA0-964C-7F9610C3B47A}.DebugGame Editor|Win64.ActiveCfg = DebugGame_Editor|x64
		{40FF6320-7F34-4FA0-964C-7F9610C3B47A}.DebugGame Editor|Win64.Build.0 = DebugGame_Editor|x64
		{40FF6320-7F34-4FA0-964C-7F9610C3B47A}.DebugGame|Android.ActiveCfg = Android_DebugGame|Win32
		{40FF6320-7F34-4FA0-964C-7F9610C3B47A}.DebugGame|Android.Build.0 = Android_DebugGame|Win32
		{40FF6320-7F34-4FA0-964C-7F9610C3B47A}.DebugGame|HTML5.ActiveCfg = HTML5_DebugGame|Win32
		{40FF6320-7F34-4FA0-964C-7F9610C3B47A}.DebugGame|HTML5.Build.0 = HTML5_DebugGame|Win32
		{40FF6320-7F34-4FA0-964C-7F9610C3B47A}.DebugGame|Win32.ActiveCfg = DebugGame|Win32
		{40FF6320-7F34-4FA0-964C-7F9610C3B47A}.DebugGame|Win32.Build.0 = DebugGame|Win32
		{40FF6320-7F34-4FA0-964C-7F9610C3B47A}.DebugGame|Win64.ActiveCfg = DebugGame|x64
		{40FF6320-7F34-4FA0-964C-7F9610C3B47A}.DebugGame|Win64.Build.0 = DebugGame|x64
		{40FF6320-7F34-4FA0-964C-7F9610C3B47A}.Development Editor|Android.ActiveCfg = Invalid|Win32
		{40FF6320-7F34-4FA0-964C-7F9610C3B47A}.Development Editor|HTML5.ActiveCfg = Invalid|Win32
		{40FF6320-7F34-4FA0-964C-7F9610C3B47A}.Development Editor|Win32.ActiveCfg = Invalid|Win32
		{40FF6320-7F34-4FA0-964C-7F9610C3B47A}.Development Editor|Win64.ActiveCfg = Development_Editor|x64
		{40FF6320-7F34-4FA0-964C-7F9610C3B47A}.Development Editor|Win64.Build.0 = Development_Editor|x64
		{40FF6320-7F34-4FA0-964C-7F9610C3B47A}.Development|Android.ActiveCfg = Android_Development|Win32
		{40FF6320-7F34-4FA0-964C-7F9610C3B47A}.Development|Android.Build.0 = Android_Development|Win32
		{40FF6320-7F34-4FA0-964C-7F9610C3B47A}.Development|HTML5.ActiveCfg = HTML5_Development|Win32
		{40FF6320-7F34-4FA0-964C-7F9610C3B47A}.Development|HTML5.Build.0 = HTML5_Development|Win32
		{40FF6320-7F34-4FA0-964C-7F9610C3B47A}.Development|Win32.ActiveCfg = Development|Win32
		{40FF6320-7F34-4FA0-964C-7F9610C3B47A}.Development|Win32.Build.0 = Development|Win32
		{40FF6320-7F34-4FA0-964C-7F9610C3B47A}.Development|Win64.ActiveCfg = Development|x64
		{40FF6320-7F34-4FA0-964C-7F9610C3B47A}.Development|Win64.Build.0 = Development|x64
		{40FF6320-7F34-4FA0-964C-7F9610C3B47A}.Shipping|Android.ActiveCfg = Android_Shipping|Win32
		{40FF6320-7F34-4FA0-964C-7F9610C3B47A}.Shipping|Android.Build.0 = Android_Shipping|Win32
		{40FF6320-7F34-4FA0-964C-7F9610C3B47A}.Shipping|HTML5.ActiveCfg = HTML5_Shipping|Win32
		{40FF6320-7F34-4FA0-964C-7F9610C3B47A}.Shipping|HTML5.Build.0 = HTML5_Shipping|Win32
		{40FF6320-7F34-4FA0-964C-7F9610C3B47A}.Shipping|Win32.ActiveCfg = Shipping|Win32
		{40FF6320-7F34-4FA0-964C-7F9610C3B47A}.Shipping|Win32.Build.0 = Shipping|Win32
		{40FF6320-7F34-4FA0-964C-7F9610C3B47A}.Shipping|Win64.ActiveCfg = Shipping|x64
		{40FF6320-7F34-4FA0-964C-7F9610C3B47A}.Shipping|Win64.Build.0 = Shipping|x64
	EndGlobalSection
	GlobalSection(SolutionProperties) = preSolution
		HideSolutionNode = FALSE
	EndGlobalSection
	GlobalSection(NestedProjects) = preSolution
		{A283AFD8-3DCC-4C46-B1ED-267A01E8E1D3} = {7248B704-4735-4F50-824E-C827B71E7BE1}
		{40FF6320-7F34-4FA0-964C-7F9610C3B47A} = {C132225E-955D-4B2E-A79D-F2A492B11C96}
	EndGlobalSection
EndGlobal
